
Microsoft Visual Studio Solution File, Format Version 12.00
# Visual Studio Version 16
VisualStudioVersion = 16.0.31605.320
MinimumVisualStudioVersion = 10.0.40219.1
Project("{FAE04EC0-301F-11D3-BF4B-00C04F79EFBC}") = "MyClassLine", "MyClassLine.csproj", "{86485182-2F7B-4D7A-915C-5C352E72ECA3}"
EndProject
Global
	GlobalSection(SolutionConfigurationPlatforms) = preSolution
		Debug|Any CPU = Debug|Any CPU
		Release|Any CPU = Release|Any CPU
	EndGlobalSection
	GlobalSection(ProjectConfigurationPlatforms) = postSolution
		{86485182-2F7B-4D7A-915C-5C352E72ECA3}.Debug|Any CPU.ActiveCfg = Debug|Any CPU
		{86485182-2F7B-4D7A-915C-5C352E72ECA3}.Debug|Any CPU.Build.0 = Debug|Any CPU
		{86485182-2F7B-4D7A-915C-5C352E72ECA3}.Release|Any CPU.ActiveCfg = Release|Any CPU
		{86485182-2F7B-4D7A-915C-5C352E72ECA3}.Release|Any CPU.Build.0 = Release|Any CPU
	EndGlobalSection
	GlobalSection(SolutionProperties) = preSolution
		HideSolutionNode = FALSE
	EndGlobalSection
	GlobalSection(ExtensibilityGlobals) = postSolution
		SolutionGuid = {B20CDF09-A1B4-4F48-BE0B-997BC42B138B}
	EndGlobalSection
EndGlobal
